
Microsoft Visual Studio Solution File, Format Version 12.00
# Visual Studio Version 17
VisualStudioVersion = 17.0.32014.148
MinimumVisualStudioVersion = 10.0.40219.1
Project("{FAE04EC0-301F-11D3-BF4B-00C04F79EFBC}") = "Travel_Agency_Console", "Travel_Agency_Console\Travel_Agency_Console.csproj", "{4AD09EAB-013F-48E5-92CB-61A7405E7CDC}"
EndProject
Global
	GlobalSection(SolutionConfigurationPlatforms) = preSolution
		Debug|Any CPU = Debug|Any CPU
		Release|Any CPU = Release|Any CPU
	EndGlobalSection
	GlobalSection(ProjectConfigurationPlatforms) = postSolution
		{4AD09EAB-013F-48E5-92CB-61A7405E7CDC}.Debug|Any CPU.ActiveCfg = Debug|Any CPU
		{4AD09EAB-013F-48E5-92CB-61A7405E7CDC}.Debug|Any CPU.Build.0 = Debug|Any CPU
		{4AD09EAB-013F-48E5-92CB-61A7405E7CDC}.Release|Any CPU.ActiveCfg = Release|Any CPU
		{4AD09EAB-013F-48E5-92CB-61A7405E7CDC}.Release|Any CPU.Build.0 = Release|Any CPU
	EndGlobalSection
	GlobalSection(SolutionProperties) = preSolution
		HideSolutionNode = FALSE
	EndGlobalSection
	GlobalSection(ExtensibilityGlobals) = postSolution
		SolutionGuid = {D908272B-3FC0-4847-8EF2-DC9CB17D9CD9}
	EndGlobalSection
EndGlobal
